// !$*UTF8*$!
{
	archiveVersion = 1;
	classes = {
	};
	objectVersion = 50;
	objects = {

/* Begin PBXBuildFile section */
		BC1A7CDE20FBA524006A5DE1 /* AppDelegate.swift in Sources */ = {isa = PBXBuildFile; fileRef = BC1A7CDD20FBA524006A5DE1 /* AppDelegate.swift */; };
		BC1A7CE020FBA524006A5DE1 /* ViewController.swift in Sources */ = {isa = PBXBuildFile; fileRef = BC1A7CDF20FBA524006A5DE1 /* ViewController.swift */; };
		BC1A7CE320FBA524006A5DE1 /* Main.storyboard in Resources */ = {isa = PBXBuildFile; fileRef = BC1A7CE120FBA524006A5DE1 /* Main.storyboard */; };
		BC1A7CE520FBA526006A5DE1 /* Assets.xcassets in Resources */ = {isa = PBXBuildFile; fileRef = BC1A7CE420FBA526006A5DE1 /* Assets.xcassets */; };
		BC1A7CE820FBA526006A5DE1 /* LaunchScreen.storyboard in Resources */ = {isa = PBXBuildFile; fileRef = BC1A7CE620FBA526006A5DE1 /* LaunchScreen.storyboard */; };
		BC1FB03320FDF81000F87D50 /* ChapterTwo.storyboard in Resources */ = {isa = PBXBuildFile; fileRef = BC1FB03120FDF81000F87D50 /* ChapterTwo.storyboard */; };
		BC1FB03520FDF83000F87D50 /* ChapterThree.storyboard in Resources */ = {isa = PBXBuildFile; fileRef = BC1FB03420FDF83000F87D50 /* ChapterThree.storyboard */; };
		BC1FB03820FDF84800F87D50 /* ChapterFour.storyboard in Resources */ = {isa = PBXBuildFile; fileRef = BC1FB03620FDF84800F87D50 /* ChapterFour.storyboard */; };
		BC840AB020FE31AB003BECDD /* ChapterOne.storyboard in Resources */ = {isa = PBXBuildFile; fileRef = BC840AAE20FE31AB003BECDD /* ChapterOne.storyboard */; };
/* End PBXBuildFile section */

/* Begin PBXFileReference section */
		BC1A7CDA20FBA524006A5DE1 /* MindYoga.app */ = {isa = PBXFileReference; explicitFileType = wrapper.application; includeInIndex = 0; path = MindYoga.app; sourceTree = BUILT_PRODUCTS_DIR; };
		BC1A7CDD20FBA524006A5DE1 /* AppDelegate.swift */ = {isa = PBXFileReference; lastKnownFileType = sourcecode.swift; path = AppDelegate.swift; sourceTree = "<group>"; };
		BC1A7CDF20FBA524006A5DE1 /* ViewController.swift */ = {isa = PBXFileReference; lastKnownFileType = sourcecode.swift; path = ViewController.swift; sourceTree = "<group>"; };
		BC1A7CE220FBA524006A5DE1 /* Base */ = {isa = PBXFileReference; lastKnownFileType = file.storyboard; name = Base; path = Base.lproj/Main.storyboard; sourceTree = "<group>"; };
		BC1A7CE420FBA526006A5DE1 /* Assets.xcassets */ = {isa = PBXFileReference; lastKnownFileType = folder.assetcatalog; path = Assets.xcassets; sourceTree = "<group>"; };
		BC1A7CE720FBA526006A5DE1 /* Base */ = {isa = PBXFileReference; lastKnownFileType = file.storyboard; name = Base; path = Base.lproj/LaunchScreen.storyboard; sourceTree = "<group>"; };
		BC1A7CE920FBA526006A5DE1 /* Info.plist */ = {isa = PBXFileReference; lastKnownFileType = text.plist.xml; path = Info.plist; sourceTree = "<group>"; };
		BC1FB03220FDF81000F87D50 /* Base */ = {isa = PBXFileReference; lastKnownFileType = file.storyboard; name = Base; path = MindYoga/Storyboard/Base.lproj/ChapterTwo.storyboard; sourceTree = "<group>"; };
		BC1FB03420FDF83000F87D50 /* ChapterThree.storyboard */ = {isa = PBXFileReference; fileEncoding = 4; lastKnownFileType = file.storyboard; path = ChapterThree.storyboard; sourceTree = "<group>"; };
		BC1FB03720FDF84800F87D50 /* Base */ = {isa = PBXFileReference; lastKnownFileType = file.storyboard; name = Base; path = MindYoga/Storyboard/Base.lproj/ChapterFour.storyboard; sourceTree = "<group>"; };
		BC840AAF20FE31AB003BECDD /* Base */ = {isa = PBXFileReference; lastKnownFileType = file.storyboard; name = Base; path = MindYoga/Storyboard/Base.lproj/ChapterOne.storyboard; sourceTree = "<group>"; };
/* End PBXFileReference section */

/* Begin PBXFrameworksBuildPhase section */
		BC1A7CD720FBA524006A5DE1 /* Frameworks */ = {
			isa = PBXFrameworksBuildPhase;
			buildActionMask = 2147483647;
			files = (
			);
			runOnlyForDeploymentPostprocessing = 0;
		};
/* End PBXFrameworksBuildPhase section */

/* Begin PBXGroup section */
		BC1A7CD120FBA524006A5DE1 = {
			isa = PBXGroup;
			children = (
				BC1A7CDC20FBA524006A5DE1 /* MindYoga */,
				BC1A7CDB20FBA524006A5DE1 /* Products */,
			);
			sourceTree = "<group>";
		};
		BC1A7CDB20FBA524006A5DE1 /* Products */ = {
			isa = PBXGroup;
			children = (
				BC1A7CDA20FBA524006A5DE1 /* MindYoga.app */,
			);
			name = Products;
			sourceTree = "<group>";
		};
		BC1A7CDC20FBA524006A5DE1 /* MindYoga */ = {
			isa = PBXGroup;
			children = (
				BC1FB03020FDF7CC00F87D50 /* Storyboard */,
				BC1A7CDD20FBA524006A5DE1 /* AppDelegate.swift */,
				BC1A7CDF20FBA524006A5DE1 /* ViewController.swift */,
				BC1A7CE420FBA526006A5DE1 /* Assets.xcassets */,
				BC1A7CE620FBA526006A5DE1 /* LaunchScreen.storyboard */,
				BC1A7CE920FBA526006A5DE1 /* Info.plist */,
			);
			path = MindYoga;
			sourceTree = "<group>";
		};
		BC1FB03020FDF7CC00F87D50 /* Storyboard */ = {
			isa = PBXGroup;
			children = (
				BC1A7CE120FBA524006A5DE1 /* Main.storyboard */,
				BC840AAE20FE31AB003BECDD /* ChapterOne.storyboard */,
				BC1FB03120FDF81000F87D50 /* ChapterTwo.storyboard */,
				BC1FB03420FDF83000F87D50 /* ChapterThree.storyboard */,
				BC1FB03620FDF84800F87D50 /* ChapterFour.storyboard */,
			);
			path = Storyboard;
			sourceTree = "<group>";
		};
/* End PBXGroup section */

/* Begin PBXNativeTarget section */
		BC1A7CD920FBA524006A5DE1 /* MindYoga */ = {
			isa = PBXNativeTarget;
			buildConfigurationList = BC1A7CEC20FBA526006A5DE1 /* Build configuration list for PBXNativeTarget "MindYoga" */;
			buildPhases = (
				BC1A7CD620FBA524006A5DE1 /* Sources */,
				BC1A7CD720FBA524006A5DE1 /* Frameworks */,
				BC1A7CD820FBA524006A5DE1 /* Resources */,
			);
			buildRules = (
			);
			dependencies = (
			);
			name = MindYoga;
			productName = MindYoga;
			productReference = BC1A7CDA20FBA524006A5DE1 /* MindYoga.app */;
			productType = "com.apple.product-type.application";
		};
/* End PBXNativeTarget section */

/* Begin PBXProject section */
		BC1A7CD220FBA524006A5DE1 /* Project object */ = {
			isa = PBXProject;
			attributes = {
				LastSwiftUpdateCheck = 1000;
				LastUpgradeCheck = 1000;
				ORGANIZATIONNAME = junchoon;
				TargetAttributes = {
					BC1A7CD920FBA524006A5DE1 = {
						CreatedOnToolsVersion = 10.0;
					};
				};
			};
			buildConfigurationList = BC1A7CD520FBA524006A5DE1 /* Build configuration list for PBXProject "MindYoga" */;
			compatibilityVersion = "Xcode 9.3";
			developmentRegion = en;
			hasScannedForEncodings = 0;
			knownRegions = (
				en,
				Base,
			);
			mainGroup = BC1A7CD120FBA524006A5DE1;
			productRefGroup = BC1A7CDB20FBA524006A5DE1 /* Products */;
			projectDirPath = "";
			projectRoot = "";
			targets = (
				BC1A7CD920FBA524006A5DE1 /* MindYoga */,
			);
		};
/* End PBXProject section */

/* Begin PBXResourcesBuildPhase section */
		BC1A7CD820FBA524006A5DE1 /* Resources */ = {
			isa = PBXResourcesBuildPhase;
			buildActionMask = 2147483647;
			files = (
				BC1A7CE820FBA526006A5DE1 /* LaunchScreen.storyboard in Resources */,
				BC1FB03320FDF81000F87D50 /* ChapterTwo.storyboard in Resources */,
				BC840AB020FE31AB003BECDD /* ChapterOne.storyboard in Resources */,
				BC1FB03820FDF84800F87D50 /* ChapterFour.storyboard in Resources */,
				BC1A7CE520FBA526006A5DE1 /* Assets.xcassets in Resources */,
				BC1A7CE320FBA524006A5DE1 /* Main.storyboard in Resources */,
				BC1FB03520FDF83000F87D50 /* ChapterThree.storyboard in Resources */,
			);
			runOnlyForDeploymentPostprocessing = 0;
		};
/* End PBXResourcesBuildPhase section */

/* Begin PBXSourcesBuildPhase section */
		BC1A7CD620FBA524006A5DE1 /* Sources */ = {
			isa = PBXSourcesBuildPhase;
			buildActionMask = 2147483647;
			files = (
				BC1A7CE020FBA524006A5DE1 /* ViewController.swift in Sources */,
				BC1A7CDE20FBA524006A5DE1 /* AppDelegate.swift in Sources */,
			);
			runOnlyForDeploymentPostprocessing = 0;
		};
/* End PBXSourcesBuildPhase section */

/* Begin PBXVariantGroup section */
		BC1A7CE120FBA524006A5DE1 /* Main.storyboard */ = {
			isa = PBXVariantGroup;
			children = (
				BC1A7CE220FBA524006A5DE1 /* Base */,
			);
			name = Main.storyboard;
			sourceTree = "<group>";
		};
		BC1A7CE620FBA526006A5DE1 /* LaunchScreen.storyboard */ = {
			isa = PBXVariantGroup;
			children = (
				BC1A7CE720FBA526006A5DE1 /* Base */,
			);
			name = LaunchScreen.storyboard;
			sourceTree = "<group>";
		};
		BC1FB03120FDF81000F87D50 /* ChapterTwo.storyboard */ = {
			isa = PBXVariantGroup;
			children = (
				BC1FB03220FDF81000F87D50 /* Base */,
			);
			name = ChapterTwo.storyboard;
			sourceTree = "<group>";
		};
		BC1FB03620FDF84800F87D50 /* ChapterFour.storyboard */ = {
			isa = PBXVariantGroup;
			children = (
				BC1FB03720FDF84800F87D50 /* Base */,
			);
			name = ChapterFour.storyboard;
			sourceTree = "<group>";
		};
		BC840AAE20FE31AB003BECDD /* ChapterOne.storyboard */ = {
			isa = PBXVariantGroup;
			children = (
				BC840AAF20FE31AB003BECDD /* Base */,
			);
			name = ChapterOne.storyboard;
			sourceTree = "<group>";
		};
/* End PBXVariantGroup section */

/* Begin XCBuildConfiguration section */
		BC1A7CEA20FBA526006A5DE1 /* Debug */ = {
			isa = XCBuildConfiguration;
			buildSettings = {
				ALWAYS_SEARCH_USER_PATHS = NO;
				CLANG_ANALYZER_NONNULL = YES;
				CLANG_ANALYZER_NUMBER_OBJECT_CONVERSION = YES_AGGRESSIVE;
				CLANG_CXX_LANGUAGE_STANDARD = "gnu++14";
				CLANG_CXX_LIBRARY = "libc++";
				CLANG_ENABLE_MODULES = YES;
				CLANG_ENABLE_OBJC_ARC = YES;
				CLANG_ENABLE_OBJC_WEAK = YES;
				CLANG_WARN_BLOCK_CAPTURE_AUTORELEASING = YES;
				CLANG_WARN_BOOL_CONVERSION = YES;
				CLANG_WARN_COMMA = YES;
				CLANG_WARN_CONSTANT_CONVERSION = YES;
				CLANG_WARN_DEPRECATED_OBJC_IMPLEMENTATIONS = YES;
				CLANG_WARN_DIRECT_OBJC_ISA_USAGE = YES_ERROR;
				CLANG_WARN_DOCUMENTATION_COMMENTS = YES;
				CLANG_WARN_EMPTY_BODY = YES;
				CLANG_WARN_ENUM_CONVERSION = YES;
				CLANG_WARN_INFINITE_RECURSION = YES;
				CLANG_WARN_INT_CONVERSION = YES;
				CLANG_WARN_NON_LITERAL_NULL_CONVERSION = YES;
				CLANG_WARN_OBJC_IMPLICIT_RETAIN_SELF = YES;
				CLANG_WARN_OBJC_LITERAL_CONVERSION = YES;
				CLANG_WARN_OBJC_ROOT_CLASS = YES_ERROR;
				CLANG_WARN_RANGE_LOOP_ANALYSIS = YES;
				CLANG_WARN_STRICT_PROTOTYPES = YES;
				CLANG_WARN_SUSPICIOUS_MOVE = YES;
				CLANG_WARN_UNGUARDED_AVAILABILITY = YES_AGGRESSIVE;
				CLANG_WARN_UNREACHABLE_CODE = YES;
				CLANG_WARN__DUPLICATE_METHOD_MATCH = YES;
				CODE_SIGN_IDENTITY = "iPhone Developer";
				COPY_PHASE_STRIP = NO;
				DEBUG_INFORMATION_FORMAT = dwarf;
				ENABLE_STRICT_OBJC_MSGSEND = YES;
				ENABLE_TESTABILITY = YES;
				GCC_C_LANGUAGE_STANDARD = gnu11;
				GCC_DYNAMIC_NO_PIC = NO;
				GCC_NO_COMMON_BLOCKS = YES;
				GCC_OPTIMIZATION_LEVEL = 0;
				GCC_PREPROCESSOR_DEFINITIONS = (
					"DEBUG=1",
					"$(inherited)",
				);
				GCC_WARN_64_TO_32_BIT_CONVERSION = YES;
				GCC_WARN_ABOUT_RETURN_TYPE = YES_ERROR;
				GCC_WARN_UNDECLARED_SELECTOR = YES;
				GCC_WARN_UNINITIALIZED_AUTOS = YES_AGGRESSIVE;
				GCC_WARN_UNUSED_FUNCTION = YES;
				GCC_WARN_UNUSED_VARIABLE = YES;
				IPHONEOS_DEPLOYMENT_TARGET = 12.0;
				MTL_ENABLE_DEBUG_INFO = INCLUDE_SOURCE;
				MTL_FAST_MATH = YES;
				ONLY_ACTIVE_ARCH = YES;
				SDKROOT = iphoneos;
				SWIFT_ACTIVE_COMPILATION_CONDITIONS = DEBUG;
				SWIFT_OPTIMIZATION_LEVEL = "-Onone";
			};
			name = Debug;
		};
		BC1A7CEB20FBA526006A5DE1 /* Release */ = {
			isa = XCBuildConfiguration;
			buildSettings = {
				ALWAYS_SEARCH_USER_PATHS = NO;
				CLANG_ANALYZER_NONNULL = YES;
				CLANG_ANALYZER_NUMBER_OBJECT_CONVERSION = YES_AGGRESSIVE;
				CLANG_CXX_LANGUAGE_STANDARD = "gnu++14";
				CLANG_CXX_LIBRARY = "libc++";
				CLANG_ENABLE_MODULES = YES;
				CLANG_ENABLE_OBJC_ARC = YES;
				CLANG_ENABLE_OBJC_WEAK = YES;
				CLANG_WARN_BLOCK_CAPTURE_AUTORELEASING = YES;
				CLANG_WARN_BOOL_CONVERSION = YES;
				CLANG_WARN_COMMA = YES;
				CLANG_WARN_CONSTANT_CONVERSION = YES;
				CLANG_WARN_DEPRECATED_OBJC_IMPLEMENTATIONS = YES;
				CLANG_WARN_DIRECT_OBJC_ISA_USAGE = YES_ERROR;
				CLANG_WARN_DOCUMENTATION_COMMENTS = YES;
				CLANG_WARN_EMPTY_BODY = YES;
				CLANG_WARN_ENUM_CONVERSION = YES;
				CLANG_WARN_INFINITE_RECURSION = YES;
				CLANG_WARN_INT_CONVERSION = YES;
				CLANG_WARN_NON_LITERAL_NULL_CONVERSION = YES;
				CLANG_WARN_OBJC_IMPLICIT_RETAIN_SELF = YES;
				CLANG_WARN_OBJC_LITERAL_CONVERSION = YES;
				CLANG_WARN_OBJC_ROOT_CLASS = YES_ERROR;
				CLANG_WARN_RANGE_LOOP_ANALYSIS = YES;
				CLANG_WARN_STRICT_PROTOTYPES = YES;
				CLANG_WARN_SUSPICIOUS_MOVE = YES;
				CLANG_WARN_UNGUARDED_AVAILABILITY = YES_AGGRESSIVE;
				CLANG_WARN_UNREACHABLE_CODE = YES;
				CLANG_WARN__DUPLICATE_METHOD_MATCH = YES;
				CODE_SIGN_IDENTITY = "iPhone Developer";
				COPY_PHASE_STRIP = NO;
				DEBUG_INFORMATION_FORMAT = "dwarf-with-dsym";
				ENABLE_NS_ASSERTIONS = NO;
				ENABLE_STRICT_OBJC_MSGSEND = YES;
				GCC_C_LANGUAGE_STANDARD = gnu11;
				GCC_NO_COMMON_BLOCKS = YES;
				GCC_WARN_64_TO_32_BIT_CONVERSION = YES;
				GCC_WARN_ABOUT_RETURN_TYPE = YES_ERROR;
				GCC_WARN_UNDECLARED_SELECTOR = YES;
				GCC_WARN_UNINITIALIZED_AUTOS = YES_AGGRESSIVE;
				GCC_WARN_UNUSED_FUNCTION = YES;
				GCC_WARN_UNUSED_VARIABLE = YES;
				IPHONEOS_DEPLOYMENT_TARGET = 12.0;
				MTL_ENABLE_DEBUG_INFO = NO;
				MTL_FAST_MATH = YES;
				SDKROOT = iphoneos;
				SWIFT_COMPILATION_MODE = wholemodule;
				SWIFT_OPTIMIZATION_LEVEL = "-O";
				VALIDATE_PRODUCT = YES;
			};
			name = Release;
		};
		BC1A7CED20FBA526006A5DE1 /* Debug */ = {
			isa = XCBuildConfiguration;
			buildSettings = {
				ASSETCATALOG_COMPILER_APPICON_NAME = AppIcon;
				CODE_SIGN_STYLE = Automatic;
				INFOPLIST_FILE = MindYoga/Info.plist;
				IPHONEOS_DEPLOYMENT_TARGET = 11.0;
				LD_RUNPATH_SEARCH_PATHS = (
					"$(inherited)",
					"@executable_path/Frameworks",
				);
				PRODUCT_BUNDLE_IDENTIFIER = com.junchoon.MindYoga;
				PRODUCT_NAME = "$(TARGET_NAME)";
				SWIFT_VERSION = 4.2;
				TARGETED_DEVICE_FAMILY = 1;
			};
			name = Debug;
		};
		BC1A7CEE20FBA526006A5DE1 /* Release */ = {
			isa = XCBuildConfiguration;
			buildSettings = {
				ASSETCATALOG_COMPILER_APPICON_NAME = AppIcon;
				CODE_SIGN_STYLE = Automatic;
				INFOPLIST_FILE = MindYoga/Info.plist;
				IPHONEOS_DEPLOYMENT_TARGET = 11.0;
				LD_RUNPATH_SEARCH_PATHS = (
					"$(inherited)",
					"@executable_path/Frameworks",
				);
				PRODUCT_BUNDLE_IDENTIFIER = com.junchoon.MindYoga;
				PRODUCT_NAME = "$(TARGET_NAME)";
				SWIFT_VERSION = 4.2;
				TARGETED_DEVICE_FAMILY = 1;
			};
			name = Release;
		};
/* End XCBuildConfiguration section */

/* Begin XCConfigurationList section */
		BC1A7CD520FBA524006A5DE1 /* Build configuration list for PBXProject "MindYoga" */ = {
			isa = XCConfigurationList;
			buildConfigurations = (
				BC1A7CEA20FBA526006A5DE1 /* Debug */,
				BC1A7CEB20FBA526006A5DE1 /* Release */,
			);
			defaultConfigurationIsVisible = 0;
			defaultConfigurationName = Release;
		};
		BC1A7CEC20FBA526006A5DE1 /* Build configuration list for PBXNativeTarget "MindYoga" */ = {
			isa = XCConfigurationList;
			buildConfigurations = (
				BC1A7CED20FBA526006A5DE1 /* Debug */,
				BC1A7CEE20FBA526006A5DE1 /* Release */,
			);
			defaultConfigurationIsVisible = 0;
			defaultConfigurationName = Release;
		};
/* End XCConfigurationList section */
	};
	rootObject = BC1A7CD220FBA524006A5DE1 /* Project object */;
}
